
Microsoft Visual Studio Solution File, Format Version 12.00
# Visual Studio Version 17
VisualStudioVersion = 17.0.32014.148
MinimumVisualStudioVersion = 10.0.40219.1
Project("{FAE04EC0-301F-11D3-BF4B-00C04F79EFBC}") = "WHM", "WHM\WHM.csproj", "{34F64335-5186-4594-AE44-5503B754AF87}"
EndProject
Project("{FAE04EC0-301F-11D3-BF4B-00C04F79EFBC}") = "DataLayer", "DataLayer\DataLayer.csproj", "{06619ECD-65C7-4D88-9C1D-5A4D0292764B}"
EndProject
Global
	GlobalSection(SolutionConfigurationPlatforms) = preSolution
		Debug|Any CPU = Debug|Any CPU
		Release|Any CPU = Release|Any CPU
	EndGlobalSection
	GlobalSection(ProjectConfigurationPlatforms) = postSolution
		{34F64335-5186-4594-AE44-5503B754AF87}.Debug|Any CPU.ActiveCfg = Debug|Any CPU
		{34F64335-5186-4594-AE44-5503B754AF87}.Debug|Any CPU.Build.0 = Debug|Any CPU
		{34F64335-5186-4594-AE44-5503B754AF87}.Release|Any CPU.ActiveCfg = Release|Any CPU
		{34F64335-5186-4594-AE44-5503B754AF87}.Release|Any CPU.Build.0 = Release|Any CPU
		{06619ECD-65C7-4D88-9C1D-5A4D0292764B}.Debug|Any CPU.ActiveCfg = Debug|Any CPU
		{06619ECD-65C7-4D88-9C1D-5A4D0292764B}.Debug|Any CPU.Build.0 = Debug|Any CPU
		{06619ECD-65C7-4D88-9C1D-5A4D0292764B}.Release|Any CPU.ActiveCfg = Release|Any CPU
		{06619ECD-65C7-4D88-9C1D-5A4D0292764B}.Release|Any CPU.Build.0 = Release|Any CPU
	EndGlobalSection
	GlobalSection(SolutionProperties) = preSolution
		HideSolutionNode = FALSE
	EndGlobalSection
	GlobalSection(ExtensibilityGlobals) = postSolution
		SolutionGuid = {929BDF1C-F1DF-41BC-B28E-4C18304B4081}
	EndGlobalSection
EndGlobal
